
Microsoft Visual Studio Solution File, Format Version 12.00
# Visual Studio Version 16
VisualStudioVersion = 16.0.30114.105
MinimumVisualStudioVersion = 10.0.40219.1
Project("{2150E333-8FDC-42A3-9474-1A3956D46DE8}") = "Backend", "Backend", "{EEE48F7A-C7B4-466D-AB23-B23EDCF49984}"
EndProject
Project("{FAE04EC0-301F-11D3-BF4B-00C04F79EFBC}") = "API", "Backend\API\API.csproj", "{5095AA2C-4799-4906-A708-ED0034B7CC6A}"
EndProject
Project("{FAE04EC0-301F-11D3-BF4B-00C04F79EFBC}") = "BussinessLayer", "Backend\BussinessLayer\BussinessLayer.csproj", "{AFB0C311-436E-4B15-99FC-38604AF04EB0}"
EndProject
Project("{FAE04EC0-301F-11D3-BF4B-00C04F79EFBC}") = "Core", "Backend\Core\Core.csproj", "{8FABE6E5-B258-450F-B0B3-F4E42F3B6155}"
EndProject
Project("{FAE04EC0-301F-11D3-BF4B-00C04F79EFBC}") = "EFCore", "Backend\EFCore\EFCore.csproj", "{AA2EC27F-8FF4-4E3A-BA52-C76DFECBEEEE}"
EndProject
Global
	GlobalSection(SolutionConfigurationPlatforms) = preSolution
		Debug|Any CPU = Debug|Any CPU
		Debug|x64 = Debug|x64
		Debug|x86 = Debug|x86
		Release|Any CPU = Release|Any CPU
		Release|x64 = Release|x64
		Release|x86 = Release|x86
	EndGlobalSection
	GlobalSection(SolutionProperties) = preSolution
		HideSolutionNode = FALSE
	EndGlobalSection
	GlobalSection(ProjectConfigurationPlatforms) = postSolution
		{5095AA2C-4799-4906-A708-ED0034B7CC6A}.Debug|Any CPU.ActiveCfg = Debug|Any CPU
		{5095AA2C-4799-4906-A708-ED0034B7CC6A}.Debug|Any CPU.Build.0 = Debug|Any CPU
		{5095AA2C-4799-4906-A708-ED0034B7CC6A}.Debug|x64.ActiveCfg = Debug|Any CPU
		{5095AA2C-4799-4906-A708-ED0034B7CC6A}.Debug|x64.Build.0 = Debug|Any CPU
		{5095AA2C-4799-4906-A708-ED0034B7CC6A}.Debug|x86.ActiveCfg = Debug|Any CPU
		{5095AA2C-4799-4906-A708-ED0034B7CC6A}.Debug|x86.Build.0 = Debug|Any CPU
		{5095AA2C-4799-4906-A708-ED0034B7CC6A}.Release|Any CPU.ActiveCfg = Release|Any CPU
		{5095AA2C-4799-4906-A708-ED0034B7CC6A}.Release|Any CPU.Build.0 = Release|Any CPU
		{5095AA2C-4799-4906-A708-ED0034B7CC6A}.Release|x64.ActiveCfg = Release|Any CPU
		{5095AA2C-4799-4906-A708-ED0034B7CC6A}.Release|x64.Build.0 = Release|Any CPU
		{5095AA2C-4799-4906-A708-ED0034B7CC6A}.Release|x86.ActiveCfg = Release|Any CPU
		{5095AA2C-4799-4906-A708-ED0034B7CC6A}.Release|x86.Build.0 = Release|Any CPU
		{AFB0C311-436E-4B15-99FC-38604AF04EB0}.Debug|Any CPU.ActiveCfg = Debug|Any CPU
		{AFB0C311-436E-4B15-99FC-38604AF04EB0}.Debug|Any CPU.Build.0 = Debug|Any CPU
		{AFB0C311-436E-4B15-99FC-38604AF04EB0}.Debug|x64.ActiveCfg = Debug|Any CPU
		{AFB0C311-436E-4B15-99FC-38604AF04EB0}.Debug|x64.Build.0 = Debug|Any CPU
		{AFB0C311-436E-4B15-99FC-38604AF04EB0}.Debug|x86.ActiveCfg = Debug|Any CPU
		{AFB0C311-436E-4B15-99FC-38604AF04EB0}.Debug|x86.Build.0 = Debug|Any CPU
		{AFB0C311-436E-4B15-99FC-38604AF04EB0}.Release|Any CPU.ActiveCfg = Release|Any CPU
		{AFB0C311-436E-4B15-99FC-38604AF04EB0}.Release|Any CPU.Build.0 = Release|Any CPU
		{AFB0C311-436E-4B15-99FC-38604AF04EB0}.Release|x64.ActiveCfg = Release|Any CPU
		{AFB0C311-436E-4B15-99FC-38604AF04EB0}.Release|x64.Build.0 = Release|Any CPU
		{AFB0C311-436E-4B15-99FC-38604AF04EB0}.Release|x86.ActiveCfg = Release|Any CPU
		{AFB0C311-436E-4B15-99FC-38604AF04EB0}.Release|x86.Build.0 = Release|Any CPU
		{8FABE6E5-B258-450F-B0B3-F4E42F3B6155}.Debug|Any CPU.ActiveCfg = Debug|Any CPU
		{8FABE6E5-B258-450F-B0B3-F4E42F3B6155}.Debug|Any CPU.Build.0 = Debug|Any CPU
		{8FABE6E5-B258-450F-B0B3-F4E42F3B6155}.Debug|x64.ActiveCfg = Debug|Any CPU
		{8FABE6E5-B258-450F-B0B3-F4E42F3B6155}.Debug|x64.Build.0 = Debug|Any CPU
		{8FABE6E5-B258-450F-B0B3-F4E42F3B6155}.Debug|x86.ActiveCfg = Debug|Any CPU
		{8FABE6E5-B258-450F-B0B3-F4E42F3B6155}.Debug|x86.Build.0 = Debug|Any CPU
		{8FABE6E5-B258-450F-B0B3-F4E42F3B6155}.Release|Any CPU.ActiveCfg = Release|Any CPU
		{8FABE6E5-B258-450F-B0B3-F4E42F3B6155}.Release|Any CPU.Build.0 = Release|Any CPU
		{8FABE6E5-B258-450F-B0B3-F4E42F3B6155}.Release|x64.ActiveCfg = Release|Any CPU
		{8FABE6E5-B258-450F-B0B3-F4E42F3B6155}.Release|x64.Build.0 = Release|Any CPU
		{8FABE6E5-B258-450F-B0B3-F4E42F3B6155}.Release|x86.ActiveCfg = Release|Any CPU
		{8FABE6E5-B258-450F-B0B3-F4E42F3B6155}.Release|x86.Build.0 = Release|Any CPU
		{AA2EC27F-8FF4-4E3A-BA52-C76DFECBEEEE}.Debug|Any CPU.ActiveCfg = Debug|Any CPU
		{AA2EC27F-8FF4-4E3A-BA52-C76DFECBEEEE}.Debug|Any CPU.Build.0 = Debug|Any CPU
		{AA2EC27F-8FF4-4E3A-BA52-C76DFECBEEEE}.Debug|x64.ActiveCfg = Debug|Any CPU
		{AA2EC27F-8FF4-4E3A-BA52-C76DFECBEEEE}.Debug|x64.Build.0 = Debug|Any CPU
		{AA2EC27F-8FF4-4E3A-BA52-C76DFECBEEEE}.Debug|x86.ActiveCfg = Debug|Any CPU
		{AA2EC27F-8FF4-4E3A-BA52-C76DFECBEEEE}.Debug|x86.Build.0 = Debug|Any CPU
		{AA2EC27F-8FF4-4E3A-BA52-C76DFECBEEEE}.Release|Any CPU.ActiveCfg = Release|Any CPU
		{AA2EC27F-8FF4-4E3A-BA52-C76DFECBEEEE}.Release|Any CPU.Build.0 = Release|Any CPU
		{AA2EC27F-8FF4-4E3A-BA52-C76DFECBEEEE}.Release|x64.ActiveCfg = Release|Any CPU
		{AA2EC27F-8FF4-4E3A-BA52-C76DFECBEEEE}.Release|x64.Build.0 = Release|Any CPU
		{AA2EC27F-8FF4-4E3A-BA52-C76DFECBEEEE}.Release|x86.ActiveCfg = Release|Any CPU
		{AA2EC27F-8FF4-4E3A-BA52-C76DFECBEEEE}.Release|x86.Build.0 = Release|Any CPU
	EndGlobalSection
	GlobalSection(NestedProjects) = preSolution
		{5095AA2C-4799-4906-A708-ED0034B7CC6A} = {EEE48F7A-C7B4-466D-AB23-B23EDCF49984}
		{AFB0C311-436E-4B15-99FC-38604AF04EB0} = {EEE48F7A-C7B4-466D-AB23-B23EDCF49984}
		{8FABE6E5-B258-450F-B0B3-F4E42F3B6155} = {EEE48F7A-C7B4-466D-AB23-B23EDCF49984}
		{AA2EC27F-8FF4-4E3A-BA52-C76DFECBEEEE} = {EEE48F7A-C7B4-466D-AB23-B23EDCF49984}
	EndGlobalSection
EndGlobal
